
Microsoft Visual Studio Solution File, Format Version 12.00
# Visual Studio 2013
VisualStudioVersion = 12.0.30723.0
MinimumVisualStudioVersion = 10.0.40219.1
Project("{FAE04EC0-301F-11D3-BF4B-00C04F79EFBC}") = "Yd.Server.Core.Data", "Src\Server\Core\Yd.Server.Core.Data\Yd.Server.Core.Data.csproj", "{9037BB8A-7D89-46A4-84D8-D451309B31D4}"
EndProject
Project("{FAE04EC0-301F-11D3-BF4B-00C04F79EFBC}") = "Yd.Server.Core.Model", "Src\Server\Core\Yd.Server.Core.Model\Yd.Server.Core.Model.csproj", "{8B8E6DCA-63B6-413D-9D40-14E61D2085D9}"
EndProject
Project("{FAE04EC0-301F-11D3-BF4B-00C04F79EFBC}") = "Yd.Admin.Web", "Src\Web\www\Yd.Admin.Web\Yd.Admin.Web.csproj", "{5AE621B1-3D9E-436A-819F-C2230AFCC828}"
EndProject
Project("{FAE04EC0-301F-11D3-BF4B-00C04F79EFBC}") = "Yd.Admin.Web.Core", "Src\Web\Core\Yd.Admin.Web.Core\Yd.Admin.Web.Core.csproj", "{048559EB-B4D6-4699-A9CE-C761C230C335}"
EndProject
Global
	GlobalSection(SolutionConfigurationPlatforms) = preSolution
		Debug|Any CPU = Debug|Any CPU
		Release|Any CPU = Release|Any CPU
	EndGlobalSection
	GlobalSection(ProjectConfigurationPlatforms) = postSolution
		{9037BB8A-7D89-46A4-84D8-D451309B31D4}.Debug|Any CPU.ActiveCfg = Debug|Any CPU
		{9037BB8A-7D89-46A4-84D8-D451309B31D4}.Debug|Any CPU.Build.0 = Debug|Any CPU
		{9037BB8A-7D89-46A4-84D8-D451309B31D4}.Release|Any CPU.ActiveCfg = Release|Any CPU
		{9037BB8A-7D89-46A4-84D8-D451309B31D4}.Release|Any CPU.Build.0 = Release|Any CPU
		{8B8E6DCA-63B6-413D-9D40-14E61D2085D9}.Debug|Any CPU.ActiveCfg = Debug|Any CPU
		{8B8E6DCA-63B6-413D-9D40-14E61D2085D9}.Debug|Any CPU.Build.0 = Debug|Any CPU
		{8B8E6DCA-63B6-413D-9D40-14E61D2085D9}.Release|Any CPU.ActiveCfg = Release|Any CPU
		{8B8E6DCA-63B6-413D-9D40-14E61D2085D9}.Release|Any CPU.Build.0 = Release|Any CPU
		{5AE621B1-3D9E-436A-819F-C2230AFCC828}.Debug|Any CPU.ActiveCfg = Debug|Any CPU
		{5AE621B1-3D9E-436A-819F-C2230AFCC828}.Debug|Any CPU.Build.0 = Debug|Any CPU
		{5AE621B1-3D9E-436A-819F-C2230AFCC828}.Release|Any CPU.ActiveCfg = Release|Any CPU
		{5AE621B1-3D9E-436A-819F-C2230AFCC828}.Release|Any CPU.Build.0 = Release|Any CPU
		{048559EB-B4D6-4699-A9CE-C761C230C335}.Debug|Any CPU.ActiveCfg = Debug|Any CPU
		{048559EB-B4D6-4699-A9CE-C761C230C335}.Debug|Any CPU.Build.0 = Debug|Any CPU
		{048559EB-B4D6-4699-A9CE-C761C230C335}.Release|Any CPU.ActiveCfg = Release|Any CPU
		{048559EB-B4D6-4699-A9CE-C761C230C335}.Release|Any CPU.Build.0 = Release|Any CPU
	EndGlobalSection
	GlobalSection(SolutionProperties) = preSolution
		HideSolutionNode = FALSE
	EndGlobalSection
EndGlobal
